
Microsoft Visual Studio Solution File, Format Version 12.00
# Visual Studio 15
VisualStudioVersion = 15.0.28307.852
MinimumVisualStudioVersion = 10.0.40219.1
Project("{FAE04EC0-301F-11D3-BF4B-00C04F79EFBC}") = "App01_ConsultaCEP.Android", "App01_ConsultaCEP\App01_ConsultaCEP.Android\App01_ConsultaCEP.Android.csproj", "{DBE98F3B-63C4-4507-84A8-1EF7A48D48AB}"
EndProject
Project("{FAE04EC0-301F-11D3-BF4B-00C04F79EFBC}") = "App01_ConsultaCEP.iOS", "App01_ConsultaCEP\App01_ConsultaCEP.iOS\App01_ConsultaCEP.iOS.csproj", "{AA579A89-155C-4921-A7F0-47C407B6B8C2}"
EndProject
Project("{FAE04EC0-301F-11D3-BF4B-00C04F79EFBC}") = "App01_ConsultaCEP.UWP", "App01_ConsultaCEP\App01_ConsultaCEP.UWP\App01_ConsultaCEP.UWP.csproj", "{9B3E62DA-408E-4651-88FE-03D4AFFB5A80}"
EndProject
Project("{FAE04EC0-301F-11D3-BF4B-00C04F79EFBC}") = "App01_ConsultaCEP", "App01_ConsultaCEP\App01_ConsultaCEP\App01_ConsultaCEP.csproj", "{E0E4AD40-1085-494F-8EF1-D8338EEF1579}"
EndProject
Global
	GlobalSection(SolutionConfigurationPlatforms) = preSolution
		Ad-Hoc|Any CPU = Ad-Hoc|Any CPU
		Ad-Hoc|ARM = Ad-Hoc|ARM
		Ad-Hoc|iPhone = Ad-Hoc|iPhone
		Ad-Hoc|iPhoneSimulator = Ad-Hoc|iPhoneSimulator
		Ad-Hoc|x64 = Ad-Hoc|x64
		Ad-Hoc|x86 = Ad-Hoc|x86
		AppStore|Any CPU = AppStore|Any CPU
		AppStore|ARM = AppStore|ARM
		AppStore|iPhone = AppStore|iPhone
		AppStore|iPhoneSimulator = AppStore|iPhoneSimulator
		AppStore|x64 = AppStore|x64
		AppStore|x86 = AppStore|x86
		Debug|Any CPU = Debug|Any CPU
		Debug|ARM = Debug|ARM
		Debug|iPhone = Debug|iPhone
		Debug|iPhoneSimulator = Debug|iPhoneSimulator
		Debug|x64 = Debug|x64
		Debug|x86 = Debug|x86
		Release|Any CPU = Release|Any CPU
		Release|ARM = Release|ARM
		Release|iPhone = Release|iPhone
		Release|iPhoneSimulator = Release|iPhoneSimulator
		Release|x64 = Release|x64
		Release|x86 = Release|x86
	EndGlobalSection
	GlobalSection(ProjectConfigurationPlatforms) = postSolution
		{DBE98F3B-63C4-4507-84A8-1EF7A48D48AB}.Ad-Hoc|Any CPU.ActiveCfg = Release|Any CPU
		{DBE98F3B-63C4-4507-84A8-1EF7A48D48AB}.Ad-Hoc|Any CPU.Build.0 = Release|Any CPU
		{DBE98F3B-63C4-4507-84A8-1EF7A48D48AB}.Ad-Hoc|Any CPU.Deploy.0 = Release|Any CPU
		{DBE98F3B-63C4-4507-84A8-1EF7A48D48AB}.Ad-Hoc|ARM.ActiveCfg = Release|Any CPU
		{DBE98F3B-63C4-4507-84A8-1EF7A48D48AB}.Ad-Hoc|ARM.Build.0 = Release|Any CPU
		{DBE98F3B-63C4-4507-84A8-1EF7A48D48AB}.Ad-Hoc|ARM.Deploy.0 = Release|Any CPU
		{DBE98F3B-63C4-4507-84A8-1EF7A48D48AB}.Ad-Hoc|iPhone.ActiveCfg = Release|Any CPU
		{DBE98F3B-63C4-4507-84A8-1EF7A48D48AB}.Ad-Hoc|iPhone.Build.0 = Release|Any CPU
		{DBE98F3B-63C4-4507-84A8-1EF7A48D48AB}.Ad-Hoc|iPhone.Deploy.0 = Release|Any CPU
		{DBE98F3B-63C4-4507-84A8-1EF7A48D48AB}.Ad-Hoc|iPhoneSimulator.ActiveCfg = Release|Any CPU
		{DBE98F3B-63C4-4507-84A8-1EF7A48D48AB}.Ad-Hoc|iPhoneSimulator.Build.0 = Release|Any CPU
		{DBE98F3B-63C4-4507-84A8-1EF7A48D48AB}.Ad-Hoc|iPhoneSimulator.Deploy.0 = Release|Any CPU
		{DBE98F3B-63C4-4507-84A8-1EF7A48D48AB}.Ad-Hoc|x64.ActiveCfg = Release|Any CPU
		{DBE98F3B-63C4-4507-84A8-1EF7A48D48AB}.Ad-Hoc|x64.Build.0 = Release|Any CPU
		{DBE98F3B-63C4-4507-84A8-1EF7A48D48AB}.Ad-Hoc|x64.Deploy.0 = Release|Any CPU
		{DBE98F3B-63C4-4507-84A8-1EF7A48D48AB}.Ad-Hoc|x86.ActiveCfg = Release|Any CPU
		{DBE98F3B-63C4-4507-84A8-1EF7A48D48AB}.Ad-Hoc|x86.Build.0 = Release|Any CPU
		{DBE98F3B-63C4-4507-84A8-1EF7A48D48AB}.Ad-Hoc|x86.Deploy.0 = Release|Any CPU
		{DBE98F3B-63C4-4507-84A8-1EF7A48D48AB}.AppStore|Any CPU.ActiveCfg = Release|Any CPU
		{DBE98F3B-63C4-4507-84A8-1EF7A48D48AB}.AppStore|Any CPU.Build.0 = Release|Any CPU
		{DBE98F3B-63C4-4507-84A8-1EF7A48D48AB}.AppStore|Any CPU.Deploy.0 = Release|Any CPU
		{DBE98F3B-63C4-4507-84A8-1EF7A48D48AB}.AppStore|ARM.ActiveCfg = Release|Any CPU
		{DBE98F3B-63C4-4507-84A8-1EF7A48D48AB}.AppStore|ARM.Build.0 = Release|Any CPU
		{DBE98F3B-63C4-4507-84A8-1EF7A48D48AB}.AppStore|ARM.Deploy.0 = Release|Any CPU
		{DBE98F3B-63C4-4507-84A8-1EF7A48D48AB}.AppStore|iPhone.ActiveCfg = Release|Any CPU
		{DBE98F3B-63C4-4507-84A8-1EF7A48D48AB}.AppStore|iPhone.Build.0 = Release|Any CPU
		{DBE98F3B-63C4-4507-84A8-1EF7A48D48AB}.AppStore|iPhone.Deploy.0 = Release|Any CPU
		{DBE98F3B-63C4-4507-84A8-1EF7A48D48AB}.AppStore|iPhoneSimulator.ActiveCfg = Release|Any CPU
		{DBE98F3B-63C4-4507-84A8-1EF7A48D48AB}.AppStore|iPhoneSimulator.Build.0 = Release|Any CPU
		{DBE98F3B-63C4-4507-84A8-1EF7A48D48AB}.AppStore|iPhoneSimulator.Deploy.0 = Release|Any CPU
		{DBE98F3B-63C4-4507-84A8-1EF7A48D48AB}.AppStore|x64.ActiveCfg = Release|Any CPU
		{DBE98F3B-63C4-4507-84A8-1EF7A48D48AB}.AppStore|x64.Build.0 = Release|Any CPU
		{DBE98F3B-63C4-4507-84A8-1EF7A48D48AB}.AppStore|x64.Deploy.0 = Release|Any CPU
		{DBE98F3B-63C4-4507-84A8-1EF7A48D48AB}.AppStore|x86.ActiveCfg = Release|Any CPU
		{DBE98F3B-63C4-4507-84A8-1EF7A48D48AB}.AppStore|x86.Build.0 = Release|Any CPU
		{DBE98F3B-63C4-4507-84A8-1EF7A48D48AB}.AppStore|x86.Deploy.0 = Release|Any CPU
		{DBE98F3B-63C4-4507-84A8-1EF7A48D48AB}.Debug|Any CPU.ActiveCfg = Debug|Any CPU
		{DBE98F3B-63C4-4507-84A8-1EF7A48D48AB}.Debug|Any CPU.Build.0 = Debug|Any CPU
		{DBE98F3B-63C4-4507-84A8-1EF7A48D48AB}.Debug|Any CPU.Deploy.0 = Debug|Any CPU
		{DBE98F3B-63C4-4507-84A8-1EF7A48D48AB}.Debug|ARM.ActiveCfg = Debug|Any CPU
		{DBE98F3B-63C4-4507-84A8-1EF7A48D48AB}.Debug|ARM.Build.0 = Debug|Any CPU
		{DBE98F3B-63C4-4507-84A8-1EF7A48D48AB}.Debug|ARM.Deploy.0 = Debug|Any CPU
		{DBE98F3B-63C4-4507-84A8-1EF7A48D48AB}.Debug|iPhone.ActiveCfg = Debug|Any CPU
		{DBE98F3B-63C4-4507-84A8-1EF7A48D48AB}.Debug|iPhone.Build.0 = Debug|Any CPU
		{DBE98F3B-63C4-4507-84A8-1EF7A48D48AB}.Debug|iPhone.Deploy.0 = Debug|Any CPU
		{DBE98F3B-63C4-4507-84A8-1EF7A48D48AB}.Debug|iPhoneSimulator.ActiveCfg = Debug|Any CPU
		{DBE98F3B-63C4-4507-84A8-1EF7A48D48AB}.Debug|iPhoneSimulator.Build.0 = Debug|Any CPU
		{DBE98F3B-63C4-4507-84A8-1EF7A48D48AB}.Debug|iPhoneSimulator.Deploy.0 = Debug|Any CPU
		{DBE98F3B-63C4-4507-84A8-1EF7A48D48AB}.Debug|x64.ActiveCfg = Debug|Any CPU
		{DBE98F3B-63C4-4507-84A8-1EF7A48D48AB}.Debug|x64.Build.0 = Debug|Any CPU
		{DBE98F3B-63C4-4507-84A8-1EF7A48D48AB}.Debug|x64.Deploy.0 = Debug|Any CPU
		{DBE98F3B-63C4-4507-84A8-1EF7A48D48AB}.Debug|x86.ActiveCfg = Debug|Any CPU
		{DBE98F3B-63C4-4507-84A8-1EF7A48D48AB}.Debug|x86.Build.0 = Debug|Any CPU
		{DBE98F3B-63C4-4507-84A8-1EF7A48D48AB}.Debug|x86.Deploy.0 = Debug|Any CPU
		{DBE98F3B-63C4-4507-84A8-1EF7A48D48AB}.Release|Any CPU.ActiveCfg = Release|Any CPU
		{DBE98F3B-63C4-4507-84A8-1EF7A48D48AB}.Release|Any CPU.Build.0 = Release|Any CPU
		{DBE98F3B-63C4-4507-84A8-1EF7A48D48AB}.Release|Any CPU.Deploy.0 = Release|Any CPU
		{DBE98F3B-63C4-4507-84A8-1EF7A48D48AB}.Release|ARM.ActiveCfg = Release|Any CPU
		{DBE98F3B-63C4-4507-84A8-1EF7A48D48AB}.Release|ARM.Build.0 = Release|Any CPU
		{DBE98F3B-63C4-4507-84A8-1EF7A48D48AB}.Release|ARM.Deploy.0 = Release|Any CPU
		{DBE98F3B-63C4-4507-84A8-1EF7A48D48AB}.Release|iPhone.ActiveCfg = Release|Any CPU
		{DBE98F3B-63C4-4507-84A8-1EF7A48D48AB}.Release|iPhone.Build.0 = Release|Any CPU
		{DBE98F3B-63C4-4507-84A8-1EF7A48D48AB}.Release|iPhone.Deploy.0 = Release|Any CPU
		{DBE98F3B-63C4-4507-84A8-1EF7A48D48AB}.Release|iPhoneSimulator.ActiveCfg = Release|Any CPU
		{DBE98F3B-63C4-4507-84A8-1EF7A48D48AB}.Release|iPhoneSimulator.Build.0 = Release|Any CPU
		{DBE98F3B-63C4-4507-84A8-1EF7A48D48AB}.Release|iPhoneSimulator.Deploy.0 = Release|Any CPU
		{DBE98F3B-63C4-4507-84A8-1EF7A48D48AB}.Release|x64.ActiveCfg = Release|Any CPU
		{DBE98F3B-63C4-4507-84A8-1EF7A48D48AB}.Release|x64.Build.0 = Release|Any CPU
		{DBE98F3B-63C4-4507-84A8-1EF7A48D48AB}.Release|x64.Deploy.0 = Release|Any CPU
		{DBE98F3B-63C4-4507-84A8-1EF7A48D48AB}.Release|x86.ActiveCfg = Release|Any CPU
		{DBE98F3B-63C4-4507-84A8-1EF7A48D48AB}.Release|x86.Build.0 = Release|Any CPU
		{DBE98F3B-63C4-4507-84A8-1EF7A48D48AB}.Release|x86.Deploy.0 = Release|Any CPU
		{AA579A89-155C-4921-A7F0-47C407B6B8C2}.Ad-Hoc|Any CPU.ActiveCfg = Ad-Hoc|iPhone
		{AA579A89-155C-4921-A7F0-47C407B6B8C2}.Ad-Hoc|Any CPU.Build.0 = Ad-Hoc|iPhone
		{AA579A89-155C-4921-A7F0-47C407B6B8C2}.Ad-Hoc|Any CPU.Deploy.0 = Ad-Hoc|iPhone
		{AA579A89-155C-4921-A7F0-47C407B6B8C2}.Ad-Hoc|ARM.ActiveCfg = Ad-Hoc|iPhone
		{AA579A89-155C-4921-A7F0-47C407B6B8C2}.Ad-Hoc|ARM.Build.0 = Ad-Hoc|iPhone
		{AA579A89-155C-4921-A7F0-47C407B6B8C2}.Ad-Hoc|ARM.Deploy.0 = Ad-Hoc|iPhone
		{AA579A89-155C-4921-A7F0-47C407B6B8C2}.Ad-Hoc|iPhone.ActiveCfg = Ad-Hoc|iPhone
		{AA579A89-155C-4921-A7F0-47C407B6B8C2}.Ad-Hoc|iPhone.Build.0 = Ad-Hoc|iPhone
		{AA579A89-155C-4921-A7F0-47C407B6B8C2}.Ad-Hoc|iPhone.Deploy.0 = Ad-Hoc|iPhone
		{AA579A89-155C-4921-A7F0-47C407B6B8C2}.Ad-Hoc|iPhoneSimulator.ActiveCfg = Ad-Hoc|iPhoneSimulator
		{AA579A89-155C-4921-A7F0-47C407B6B8C2}.Ad-Hoc|iPhoneSimulator.Build.0 = Ad-Hoc|iPhoneSimulator
		{AA579A89-155C-4921-A7F0-47C407B6B8C2}.Ad-Hoc|iPhoneSimulator.Deploy.0 = Ad-Hoc|iPhoneSimulator
		{AA579A89-155C-4921-A7F0-47C407B6B8C2}.Ad-Hoc|x64.ActiveCfg = Ad-Hoc|iPhone
		{AA579A89-155C-4921-A7F0-47C407B6B8C2}.Ad-Hoc|x64.Build.0 = Ad-Hoc|iPhone
		{AA579A89-155C-4921-A7F0-47C407B6B8C2}.Ad-Hoc|x64.Deploy.0 = Ad-Hoc|iPhone
		{AA579A89-155C-4921-A7F0-47C407B6B8C2}.Ad-Hoc|x86.ActiveCfg = Ad-Hoc|iPhone
		{AA579A89-155C-4921-A7F0-47C407B6B8C2}.Ad-Hoc|x86.Build.0 = Ad-Hoc|iPhone
		{AA579A89-155C-4921-A7F0-47C407B6B8C2}.Ad-Hoc|x86.Deploy.0 = Ad-Hoc|iPhone
		{AA579A89-155C-4921-A7F0-47C407B6B8C2}.AppStore|Any CPU.ActiveCfg = AppStore|iPhone
		{AA579A89-155C-4921-A7F0-47C407B6B8C2}.AppStore|Any CPU.Build.0 = AppStore|iPhone
		{AA579A89-155C-4921-A7F0-47C407B6B8C2}.AppStore|Any CPU.Deploy.0 = AppStore|iPhone
		{AA579A89-155C-4921-A7F0-47C407B6B8C2}.AppStore|ARM.ActiveCfg = AppStore|iPhone
		{AA579A89-155C-4921-A7F0-47C407B6B8C2}.AppStore|ARM.Build.0 = AppStore|iPhone
		{AA579A89-155C-4921-A7F0-47C407B6B8C2}.AppStore|ARM.Deploy.0 = AppStore|iPhone
		{AA579A89-155C-4921-A7F0-47C407B6B8C2}.AppStore|iPhone.ActiveCfg = AppStore|iPhone
		{AA579A89-155C-4921-A7F0-47C407B6B8C2}.AppStore|iPhone.Build.0 = AppStore|iPhone
		{AA579A89-155C-4921-A7F0-47C407B6B8C2}.AppStore|iPhone.Deploy.0 = AppStore|iPhone
		{AA579A89-155C-4921-A7F0-47C407B6B8C2}.AppStore|iPhoneSimulator.ActiveCfg = AppStore|iPhoneSimulator
		{AA579A89-155C-4921-A7F0-47C407B6B8C2}.AppStore|iPhoneSimulator.Build.0 = AppStore|iPhoneSimulator
		{AA579A89-155C-4921-A7F0-47C407B6B8C2}.AppStore|iPhoneSimulator.Deploy.0 = AppStore|iPhoneSimulator
		{AA579A89-155C-4921-A7F0-47C407B6B8C2}.AppStore|x64.ActiveCfg = AppStore|iPhone
		{AA579A89-155C-4921-A7F0-47C407B6B8C2}.AppStore|x64.Build.0 = AppStore|iPhone
		{AA579A89-155C-4921-A7F0-47C407B6B8C2}.AppStore|x64.Deploy.0 = AppStore|iPhone
		{AA579A89-155C-4921-A7F0-47C407B6B8C2}.AppStore|x86.ActiveCfg = AppStore|iPhone
		{AA579A89-155C-4921-A7F0-47C407B6B8C2}.AppStore|x86.Build.0 = AppStore|iPhone
		{AA579A89-155C-4921-A7F0-47C407B6B8C2}.AppStore|x86.Deploy.0 = AppStore|iPhone
		{AA579A89-155C-4921-A7F0-47C407B6B8C2}.Debug|Any CPU.ActiveCfg = Debug|iPhoneSimulator
		{AA579A89-155C-4921-A7F0-47C407B6B8C2}.Debug|Any CPU.Build.0 = Debug|iPhoneSimulator
		{AA579A89-155C-4921-A7F0-47C407B6B8C2}.Debug|Any CPU.Deploy.0 = Debug|iPhoneSimulator
		{AA579A89-155C-4921-A7F0-47C407B6B8C2}.Debug|ARM.ActiveCfg = Debug|iPhone
		{AA579A89-155C-4921-A7F0-47C407B6B8C2}.Debug|ARM.Build.0 = Debug|iPhone
		{AA579A89-155C-4921-A7F0-47C407B6B8C2}.Debug|ARM.Deploy.0 = Debug|iPhone
		{AA579A89-155C-4921-A7F0-47C407B6B8C2}.Debug|iPhone.ActiveCfg = Debug|iPhone
		{AA579A89-155C-4921-A7F0-47C407B6B8C2}.Debug|iPhone.Build.0 = Debug|iPhone
		{AA579A89-155C-4921-A7F0-47C407B6B8C2}.Debug|iPhone.Deploy.0 = Debug|iPhone
		{AA579A89-155C-4921-A7F0-47C407B6B8C2}.Debug|iPhoneSimulator.ActiveCfg = Debug|iPhoneSimulator
		{AA579A89-155C-4921-A7F0-47C407B6B8C2}.Debug|iPhoneSimulator.Build.0 = Debug|iPhoneSimulator
		{AA579A89-155C-4921-A7F0-47C407B6B8C2}.Debug|iPhoneSimulator.Deploy.0 = Debug|iPhoneSimulator
		{AA579A89-155C-4921-A7F0-47C407B6B8C2}.Debug|x64.ActiveCfg = Debug|iPhone
		{AA579A89-155C-4921-A7F0-47C407B6B8C2}.Debug|x64.Build.0 = Debug|iPhone
		{AA579A89-155C-4921-A7F0-47C407B6B8C2}.Debug|x64.Deploy.0 = Debug|iPhone
		{AA579A89-155C-4921-A7F0-47C407B6B8C2}.Debug|x86.ActiveCfg = Debug|iPhone
		{AA579A89-155C-4921-A7F0-47C407B6B8C2}.Debug|x86.Build.0 = Debug|iPhone
		{AA579A89-155C-4921-A7F0-47C407B6B8C2}.Debug|x86.Deploy.0 = Debug|iPhone
		{AA579A89-155C-4921-A7F0-47C407B6B8C2}.Release|Any CPU.ActiveCfg = Release|iPhone
		{AA579A89-155C-4921-A7F0-47C407B6B8C2}.Release|Any CPU.Build.0 = Release|iPhone
		{AA579A89-155C-4921-A7F0-47C407B6B8C2}.Release|Any CPU.Deploy.0 = Release|iPhone
		{AA579A89-155C-4921-A7F0-47C407B6B8C2}.Release|ARM.ActiveCfg = Release|iPhone
		{AA579A89-155C-4921-A7F0-47C407B6B8C2}.Release|ARM.Build.0 = Release|iPhone
		{AA579A89-155C-4921-A7F0-47C407B6B8C2}.Release|ARM.Deploy.0 = Release|iPhone
		{AA579A89-155C-4921-A7F0-47C407B6B8C2}.Release|iPhone.ActiveCfg = Release|iPhone
		{AA579A89-155C-4921-A7F0-47C407B6B8C2}.Release|iPhone.Build.0 = Release|iPhone
		{AA579A89-155C-4921-A7F0-47C407B6B8C2}.Release|iPhone.Deploy.0 = Release|iPhone
		{AA579A89-155C-4921-A7F0-47C407B6B8C2}.Release|iPhoneSimulator.ActiveCfg = Release|iPhoneSimulator
		{AA579A89-155C-4921-A7F0-47C407B6B8C2}.Release|iPhoneSimulator.Build.0 = Release|iPhoneSimulator
		{AA579A89-155C-4921-A7F0-47C407B6B8C2}.Release|iPhoneSimulator.Deploy.0 = Release|iPhoneSimulator
		{AA579A89-155C-4921-A7F0-47C407B6B8C2}.Release|x64.ActiveCfg = Release|iPhone
		{AA579A89-155C-4921-A7F0-47C407B6B8C2}.Release|x64.Build.0 = Release|iPhone
		{AA579A89-155C-4921-A7F0-47C407B6B8C2}.Release|x64.Deploy.0 = Release|iPhone
		{AA579A89-155C-4921-A7F0-47C407B6B8C2}.Release|x86.ActiveCfg = Release|iPhone
		{AA579A89-155C-4921-A7F0-47C407B6B8C2}.Release|x86.Build.0 = Release|iPhone
		{AA579A89-155C-4921-A7F0-47C407B6B8C2}.Release|x86.Deploy.0 = Release|iPhone
		{9B3E62DA-408E-4651-88FE-03D4AFFB5A80}.Ad-Hoc|Any CPU.ActiveCfg = Release|x86
		{9B3E62DA-408E-4651-88FE-03D4AFFB5A80}.Ad-Hoc|Any CPU.Build.0 = Release|x86
		{9B3E62DA-408E-4651-88FE-03D4AFFB5A80}.Ad-Hoc|Any CPU.Deploy.0 = Release|x86
		{9B3E62DA-408E-4651-88FE-03D4AFFB5A80}.Ad-Hoc|ARM.ActiveCfg = Release|ARM
		{9B3E62DA-408E-4651-88FE-03D4AFFB5A80}.Ad-Hoc|ARM.Build.0 = Release|ARM
		{9B3E62DA-408E-4651-88FE-03D4AFFB5A80}.Ad-Hoc|ARM.Deploy.0 = Release|ARM
		{9B3E62DA-408E-4651-88FE-03D4AFFB5A80}.Ad-Hoc|iPhone.ActiveCfg = Release|x86
		{9B3E62DA-408E-4651-88FE-03D4AFFB5A80}.Ad-Hoc|iPhone.Build.0 = Release|x86
		{9B3E62DA-408E-4651-88FE-03D4AFFB5A80}.Ad-Hoc|iPhone.Deploy.0 = Release|x86
		{9B3E62DA-408E-4651-88FE-03D4AFFB5A80}.Ad-Hoc|iPhoneSimulator.ActiveCfg = Release|x86
		{9B3E62DA-408E-4651-88FE-03D4AFFB5A80}.Ad-Hoc|iPhoneSimulator.Build.0 = Release|x86
		{9B3E62DA-408E-4651-88FE-03D4AFFB5A80}.Ad-Hoc|iPhoneSimulator.Deploy.0 = Release|x86
		{9B3E62DA-408E-4651-88FE-03D4AFFB5A80}.Ad-Hoc|x64.ActiveCfg = Release|x64
		{9B3E62DA-408E-4651-88FE-03D4AFFB5A80}.Ad-Hoc|x64.Build.0 = Release|x64
		{9B3E62DA-408E-4651-88FE-03D4AFFB5A80}.Ad-Hoc|x64.Deploy.0 = Release|x64
		{9B3E62DA-408E-4651-88FE-03D4AFFB5A80}.Ad-Hoc|x86.ActiveCfg = Release|x86
		{9B3E62DA-408E-4651-88FE-03D4AFFB5A80}.Ad-Hoc|x86.Build.0 = Release|x86
		{9B3E62DA-408E-4651-88FE-03D4AFFB5A80}.Ad-Hoc|x86.Deploy.0 = Release|x86
		{9B3E62DA-408E-4651-88FE-03D4AFFB5A80}.AppStore|Any CPU.ActiveCfg = Release|x86
		{9B3E62DA-408E-4651-88FE-03D4AFFB5A80}.AppStore|Any CPU.Build.0 = Release|x86
		{9B3E62DA-408E-4651-88FE-03D4AFFB5A80}.AppStore|Any CPU.Deploy.0 = Release|x86
		{9B3E62DA-408E-4651-88FE-03D4AFFB5A80}.AppStore|ARM.ActiveCfg = Release|ARM
		{9B3E62DA-408E-4651-88FE-03D4AFFB5A80}.AppStore|ARM.Build.0 = Release|ARM
		{9B3E62DA-408E-4651-88FE-03D4AFFB5A80}.AppStore|ARM.Deploy.0 = Release|ARM
		{9B3E62DA-408E-4651-88FE-03D4AFFB5A80}.AppStore|iPhone.ActiveCfg = Release|x86
		{9B3E62DA-408E-4651-88FE-03D4AFFB5A80}.AppStore|iPhone.Build.0 = Release|x86
		{9B3E62DA-408E-4651-88FE-03D4AFFB5A80}.AppStore|iPhone.Deploy.0 = Release|x86
		{9B3E62DA-408E-4651-88FE-03D4AFFB5A80}.AppStore|iPhoneSimulator.ActiveCfg = Release|x86
		{9B3E62DA-408E-4651-88FE-03D4AFFB5A80}.AppStore|iPhoneSimulator.Build.0 = Release|x86
		{9B3E62DA-408E-4651-88FE-03D4AFFB5A80}.AppStore|iPhoneSimulator.Deploy.0 = Release|x86
		{9B3E62DA-408E-4651-88FE-03D4AFFB5A80}.AppStore|x64.ActiveCfg = Release|x64
		{9B3E62DA-408E-4651-88FE-03D4AFFB5A80}.AppStore|x64.Build.0 = Release|x64
		{9B3E62DA-408E-4651-88FE-03D4AFFB5A80}.AppStore|x64.Deploy.0 = Release|x64
		{9B3E62DA-408E-4651-88FE-03D4AFFB5A80}.AppStore|x86.ActiveCfg = Release|x86
		{9B3E62DA-408E-4651-88FE-03D4AFFB5A80}.AppStore|x86.Build.0 = Release|x86
		{9B3E62DA-408E-4651-88FE-03D4AFFB5A80}.AppStore|x86.Deploy.0 = Release|x86
		{9B3E62DA-408E-4651-88FE-03D4AFFB5A80}.Debug|Any CPU.ActiveCfg = Debug|x86
		{9B3E62DA-408E-4651-88FE-03D4AFFB5A80}.Debug|Any CPU.Build.0 = Debug|x86
		{9B3E62DA-408E-4651-88FE-03D4AFFB5A80}.Debug|Any CPU.Deploy.0 = Debug|x86
		{9B3E62DA-408E-4651-88FE-03D4AFFB5A80}.Debug|ARM.ActiveCfg = Debug|ARM
		{9B3E62DA-408E-4651-88FE-03D4AFFB5A80}.Debug|ARM.Build.0 = Debug|ARM
		{9B3E62DA-408E-4651-88FE-03D4AFFB5A80}.Debug|ARM.Deploy.0 = Debug|ARM
		{9B3E62DA-408E-4651-88FE-03D4AFFB5A80}.Debug|iPhone.ActiveCfg = Debug|x86
		{9B3E62DA-408E-4651-88FE-03D4AFFB5A80}.Debug|iPhone.Build.0 = Debug|x86
		{9B3E62DA-408E-4651-88FE-03D4AFFB5A80}.Debug|iPhone.Deploy.0 = Debug|x86
		{9B3E62DA-408E-4651-88FE-03D4AFFB5A80}.Debug|iPhoneSimulator.ActiveCfg = Debug|x86
		{9B3E62DA-408E-4651-88FE-03D4AFFB5A80}.Debug|iPhoneSimulator.Build.0 = Debug|x86
		{9B3E62DA-408E-4651-88FE-03D4AFFB5A80}.Debug|iPhoneSimulator.Deploy.0 = Debug|x86
		{9B3E62DA-408E-4651-88FE-03D4AFFB5A80}.Debug|x64.ActiveCfg = Debug|x64
		{9B3E62DA-408E-4651-88FE-03D4AFFB5A80}.Debug|x64.Build.0 = Debug|x64
		{9B3E62DA-408E-4651-88FE-03D4AFFB5A80}.Debug|x64.Deploy.0 = Debug|x64
		{9B3E62DA-408E-4651-88FE-03D4AFFB5A80}.Debug|x86.ActiveCfg = Debug|x86
		{9B3E62DA-408E-4651-88FE-03D4AFFB5A80}.Debug|x86.Build.0 = Debug|x86
		{9B3E62DA-408E-4651-88FE-03D4AFFB5A80}.Debug|x86.Deploy.0 = Debug|x86
		{9B3E62DA-408E-4651-88FE-03D4AFFB5A80}.Release|Any CPU.ActiveCfg = Release|x86
		{9B3E62DA-408E-4651-88FE-03D4AFFB5A80}.Release|Any CPU.Build.0 = Release|x86
		{9B3E62DA-408E-4651-88FE-03D4AFFB5A80}.Release|Any CPU.Deploy.0 = Release|x86
		{9B3E62DA-408E-4651-88FE-03D4AFFB5A80}.Release|ARM.ActiveCfg = Release|ARM
		{9B3E62DA-408E-4651-88FE-03D4AFFB5A80}.Release|ARM.Build.0 = Release|ARM
		{9B3E62DA-408E-4651-88FE-03D4AFFB5A80}.Release|ARM.Deploy.0 = Release|ARM
		{9B3E62DA-408E-4651-88FE-03D4AFFB5A80}.Release|iPhone.ActiveCfg = Release|x86
		{9B3E62DA-408E-4651-88FE-03D4AFFB5A80}.Release|iPhone.Build.0 = Release|x86
		{9B3E62DA-408E-4651-88FE-03D4AFFB5A80}.Release|iPhone.Deploy.0 = Release|x86
		{9B3E62DA-408E-4651-88FE-03D4AFFB5A80}.Release|iPhoneSimulator.ActiveCfg = Release|x86
		{9B3E62DA-408E-4651-88FE-03D4AFFB5A80}.Release|iPhoneSimulator.Build.0 = Release|x86
		{9B3E62DA-408E-4651-88FE-03D4AFFB5A80}.Release|iPhoneSimulator.Deploy.0 = Release|x86
		{9B3E62DA-408E-4651-88FE-03D4AFFB5A80}.Release|x64.ActiveCfg = Release|x64
		{9B3E62DA-408E-4651-88FE-03D4AFFB5A80}.Release|x64.Build.0 = Release|x64
		{9B3E62DA-408E-4651-88FE-03D4AFFB5A80}.Release|x64.Deploy.0 = Release|x64
		{9B3E62DA-408E-4651-88FE-03D4AFFB5A80}.Release|x86.ActiveCfg = Release|x86
		{9B3E62DA-408E-4651-88FE-03D4AFFB5A80}.Release|x86.Build.0 = Release|x86
		{9B3E62DA-408E-4651-88FE-03D4AFFB5A80}.Release|x86.Deploy.0 = Release|x86
		{E0E4AD40-1085-494F-8EF1-D8338EEF1579}.Ad-Hoc|Any CPU.ActiveCfg = Debug|Any CPU
		{E0E4AD40-1085-494F-8EF1-D8338EEF1579}.Ad-Hoc|Any CPU.Build.0 = Debug|Any CPU
		{E0E4AD40-1085-494F-8EF1-D8338EEF1579}.Ad-Hoc|Any CPU.Deploy.0 = Debug|Any CPU
		{E0E4AD40-1085-494F-8EF1-D8338EEF1579}.Ad-Hoc|ARM.ActiveCfg = Debug|Any CPU
		{E0E4AD40-1085-494F-8EF1-D8338EEF1579}.Ad-Hoc|ARM.Build.0 = Debug|Any CPU
		{E0E4AD40-1085-494F-8EF1-D8338EEF1579}.Ad-Hoc|ARM.Deploy.0 = Debug|Any CPU
		{E0E4AD40-1085-494F-8EF1-D8338EEF1579}.Ad-Hoc|iPhone.ActiveCfg = Debug|Any CPU
		{E0E4AD40-1085-494F-8EF1-D8338EEF1579}.Ad-Hoc|iPhone.Build.0 = Debug|Any CPU
		{E0E4AD40-1085-494F-8EF1-D8338EEF1579}.Ad-Hoc|iPhone.Deploy.0 = Debug|Any CPU
		{E0E4AD40-1085-494F-8EF1-D8338EEF1579}.Ad-Hoc|iPhoneSimulator.ActiveCfg = Debug|Any CPU
		{E0E4AD40-1085-494F-8EF1-D8338EEF1579}.Ad-Hoc|iPhoneSimulator.Build.0 = Debug|Any CPU
		{E0E4AD40-1085-494F-8EF1-D8338EEF1579}.Ad-Hoc|iPhoneSimulator.Deploy.0 = Debug|Any CPU
		{E0E4AD40-1085-494F-8EF1-D8338EEF1579}.Ad-Hoc|x64.ActiveCfg = Debug|Any CPU
		{E0E4AD40-1085-494F-8EF1-D8338EEF1579}.Ad-Hoc|x64.Build.0 = Debug|Any CPU
		{E0E4AD40-1085-494F-8EF1-D8338EEF1579}.Ad-Hoc|x64.Deploy.0 = Debug|Any CPU
		{E0E4AD40-1085-494F-8EF1-D8338EEF1579}.Ad-Hoc|x86.ActiveCfg = Debug|Any CPU
		{E0E4AD40-1085-494F-8EF1-D8338EEF1579}.Ad-Hoc|x86.Build.0 = Debug|Any CPU
		{E0E4AD40-1085-494F-8EF1-D8338EEF1579}.Ad-Hoc|x86.Deploy.0 = Debug|Any CPU
		{E0E4AD40-1085-494F-8EF1-D8338EEF1579}.AppStore|Any CPU.ActiveCfg = Debug|Any CPU
		{E0E4AD40-1085-494F-8EF1-D8338EEF1579}.AppStore|Any CPU.Build.0 = Debug|Any CPU
		{E0E4AD40-1085-494F-8EF1-D8338EEF1579}.AppStore|Any CPU.Deploy.0 = Debug|Any CPU
		{E0E4AD40-1085-494F-8EF1-D8338EEF1579}.AppStore|ARM.ActiveCfg = Debug|Any CPU
		{E0E4AD40-1085-494F-8EF1-D8338EEF1579}.AppStore|ARM.Build.0 = Debug|Any CPU
		{E0E4AD40-1085-494F-8EF1-D8338EEF1579}.AppStore|ARM.Deploy.0 = Debug|Any CPU
		{E0E4AD40-1085-494F-8EF1-D8338EEF1579}.AppStore|iPhone.ActiveCfg = Debug|Any CPU
		{E0E4AD40-1085-494F-8EF1-D8338EEF1579}.AppStore|iPhone.Build.0 = Debug|Any CPU
		{E0E4AD40-1085-494F-8EF1-D8338EEF1579}.AppStore|iPhone.Deploy.0 = Debug|Any CPU
		{E0E4AD40-1085-494F-8EF1-D8338EEF1579}.AppStore|iPhoneSimulator.ActiveCfg = Debug|Any CPU
		{E0E4AD40-1085-494F-8EF1-D8338EEF1579}.AppStore|iPhoneSimulator.Build.0 = Debug|Any CPU
		{E0E4AD40-1085-494F-8EF1-D8338EEF1579}.AppStore|iPhoneSimulator.Deploy.0 = Debug|Any CPU
		{E0E4AD40-1085-494F-8EF1-D8338EEF1579}.AppStore|x64.ActiveCfg = Debug|Any CPU
		{E0E4AD40-1085-494F-8EF1-D8338EEF1579}.AppStore|x64.Build.0 = Debug|Any CPU
		{E0E4AD40-1085-494F-8EF1-D8338EEF1579}.AppStore|x64.Deploy.0 = Debug|Any CPU
		{E0E4AD40-1085-494F-8EF1-D8338EEF1579}.AppStore|x86.ActiveCfg = Debug|Any CPU
		{E0E4AD40-1085-494F-8EF1-D8338EEF1579}.AppStore|x86.Build.0 = Debug|Any CPU
		{E0E4AD40-1085-494F-8EF1-D8338EEF1579}.AppStore|x86.Deploy.0 = Debug|Any CPU
		{E0E4AD40-1085-494F-8EF1-D8338EEF1579}.Debug|Any CPU.ActiveCfg = Debug|Any CPU
		{E0E4AD40-1085-494F-8EF1-D8338EEF1579}.Debug|Any CPU.Build.0 = Debug|Any CPU
		{E0E4AD40-1085-494F-8EF1-D8338EEF1579}.Debug|Any CPU.Deploy.0 = Debug|Any CPU
		{E0E4AD40-1085-494F-8EF1-D8338EEF1579}.Debug|ARM.ActiveCfg = Debug|Any CPU
		{E0E4AD40-1085-494F-8EF1-D8338EEF1579}.Debug|ARM.Build.0 = Debug|Any CPU
		{E0E4AD40-1085-494F-8EF1-D8338EEF1579}.Debug|ARM.Deploy.0 = Debug|Any CPU
		{E0E4AD40-1085-494F-8EF1-D8338EEF1579}.Debug|iPhone.ActiveCfg = Debug|Any CPU
		{E0E4AD40-1085-494F-8EF1-D8338EEF1579}.Debug|iPhone.Build.0 = Debug|Any CPU
		{E0E4AD40-1085-494F-8EF1-D8338EEF1579}.Debug|iPhone.Deploy.0 = Debug|Any CPU
		{E0E4AD40-1085-494F-8EF1-D8338EEF1579}.Debug|iPhoneSimulator.ActiveCfg = Debug|Any CPU
		{E0E4AD40-1085-494F-8EF1-D8338EEF1579}.Debug|iPhoneSimulator.Build.0 = Debug|Any CPU
		{E0E4AD40-1085-494F-8EF1-D8338EEF1579}.Debug|iPhoneSimulator.Deploy.0 = Debug|Any CPU
		{E0E4AD40-1085-494F-8EF1-D8338EEF1579}.Debug|x64.ActiveCfg = Debug|Any CPU
		{E0E4AD40-1085-494F-8EF1-D8338EEF1579}.Debug|x64.Build.0 = Debug|Any CPU
		{E0E4AD40-1085-494F-8EF1-D8338EEF1579}.Debug|x64.Deploy.0 = Debug|Any CPU
		{E0E4AD40-1085-494F-8EF1-D8338EEF1579}.Debug|x86.ActiveCfg = Debug|Any CPU
		{E0E4AD40-1085-494F-8EF1-D8338EEF1579}.Debug|x86.Build.0 = Debug|Any CPU
		{E0E4AD40-1085-494F-8EF1-D8338EEF1579}.Debug|x86.Deploy.0 = Debug|Any CPU
		{E0E4AD40-1085-494F-8EF1-D8338EEF1579}.Release|Any CPU.ActiveCfg = Release|Any CPU
		{E0E4AD40-1085-494F-8EF1-D8338EEF1579}.Release|Any CPU.Build.0 = Release|Any CPU
		{E0E4AD40-1085-494F-8EF1-D8338EEF1579}.Release|Any CPU.Deploy.0 = Release|Any CPU
		{E0E4AD40-1085-494F-8EF1-D8338EEF1579}.Release|ARM.ActiveCfg = Release|Any CPU
		{E0E4AD40-1085-494F-8EF1-D8338EEF1579}.Release|ARM.Build.0 = Release|Any CPU
		{E0E4AD40-1085-494F-8EF1-D8338EEF1579}.Release|ARM.Deploy.0 = Release|Any CPU
		{E0E4AD40-1085-494F-8EF1-D8338EEF1579}.Release|iPhone.ActiveCfg = Release|Any CPU
		{E0E4AD40-1085-494F-8EF1-D8338EEF1579}.Release|iPhone.Build.0 = Release|Any CPU
		{E0E4AD40-1085-494F-8EF1-D8338EEF1579}.Release|iPhone.Deploy.0 = Release|Any CPU
		{E0E4AD40-1085-494F-8EF1-D8338EEF1579}.Release|iPhoneSimulator.ActiveCfg = Release|Any CPU
		{E0E4AD40-1085-494F-8EF1-D8338EEF1579}.Release|iPhoneSimulator.Build.0 = Release|Any CPU
		{E0E4AD40-1085-494F-8EF1-D8338EEF1579}.Release|iPhoneSimulator.Deploy.0 = Release|Any CPU
		{E0E4AD40-1085-494F-8EF1-D8338EEF1579}.Release|x64.ActiveCfg = Release|Any CPU
		{E0E4AD40-1085-494F-8EF1-D8338EEF1579}.Release|x64.Build.0 = Release|Any CPU
		{E0E4AD40-1085-494F-8EF1-D8338EEF1579}.Release|x64.Deploy.0 = Release|Any CPU
		{E0E4AD40-1085-494F-8EF1-D8338EEF1579}.Release|x86.ActiveCfg = Release|Any CPU
		{E0E4AD40-1085-494F-8EF1-D8338EEF1579}.Release|x86.Build.0 = Release|Any CPU
		{E0E4AD40-1085-494F-8EF1-D8338EEF1579}.Release|x86.Deploy.0 = Release|Any CPU
	EndGlobalSection
	GlobalSection(SolutionProperties) = preSolution
		HideSolutionNode = FALSE
	EndGlobalSection
	GlobalSection(ExtensibilityGlobals) = postSolution
		SolutionGuid = {6585C0BB-B735-463B-8BF3-0CB7AB81DA0D}
	EndGlobalSection
EndGlobal
